// !$*UTF8*$!
{
	archiveVersion = 1;
	classes = {
	};
	objectVersion = 50;
	objects = {

/* Begin PBXBuildFile section */
		2D116CEF25C9826E00C55493 /* TableView+EXT.swift in Sources */ = {isa = PBXBuildFile; fileRef = 2D116CEE25C9826E00C55493 /* TableView+EXT.swift */; };
		2D3343B125CB57040070B699 /* LaunchScreen.storyboard in Resources */ = {isa = PBXBuildFile; fileRef = 2D3343B025CB57040070B699 /* LaunchScreen.storyboard */; };
		2D6FF6F225C265770093D625 /* ArticleListViewModel.swift in Sources */ = {isa = PBXBuildFile; fileRef = 2D6FF6F125C265770093D625 /* ArticleListViewModel.swift */; };
		2D6FF6F725C268750093D625 /* ArticleTableViewCell.swift in Sources */ = {isa = PBXBuildFile; fileRef = 2D6FF6F625C268750093D625 /* ArticleTableViewCell.swift */; };
		2D861D79263CE64800CD7EBE /* GoodNewsTests.swift in Sources */ = {isa = PBXBuildFile; fileRef = 2D861D78263CE64800CD7EBE /* GoodNewsTests.swift */; };
		2DAA8CC525C25617006B7F91 /* Article.swift in Sources */ = {isa = PBXBuildFile; fileRef = 2DAA8CC425C25617006B7F91 /* Article.swift */; };
		2DB147FB25C116B7005B4610 /* AppDelegate.swift in Sources */ = {isa = PBXBuildFile; fileRef = 2DB147FA25C116B7005B4610 /* AppDelegate.swift */; };
		2DB147FD25C116B7005B4610 /* SceneDelegate.swift in Sources */ = {isa = PBXBuildFile; fileRef = 2DB147FC25C116B7005B4610 /* SceneDelegate.swift */; };
		2DB1480425C116BB005B4610 /* Assets.xcassets in Resources */ = {isa = PBXBuildFile; fileRef = 2DB1480325C116BB005B4610 /* Assets.xcassets */; };
		2DB1481325C116F0005B4610 /* NewsListTableViewController.swift in Sources */ = {isa = PBXBuildFile; fileRef = 2DB1481225C116F0005B4610 /* NewsListTableViewController.swift */; };
		2DB1481925C11F34005B4610 /* WebService.swift in Sources */ = {isa = PBXBuildFile; fileRef = 2DB1481825C11F34005B4610 /* WebService.swift */; };
/* End PBXBuildFile section */

/* Begin PBXContainerItemProxy section */
		2D861D7B263CE64800CD7EBE /* PBXContainerItemProxy */ = {
			isa = PBXContainerItemProxy;
			containerPortal = 2DB147EF25C116B7005B4610 /* Project object */;
			proxyType = 1;
			remoteGlobalIDString = 2DB147F625C116B7005B4610;
			remoteInfo = GoodNews;
		};
/* End PBXContainerItemProxy section */

/* Begin PBXFileReference section */
		2D116CEE25C9826E00C55493 /* TableView+EXT.swift */ = {isa = PBXFileReference; lastKnownFileType = sourcecode.swift; path = "TableView+EXT.swift"; sourceTree = "<group>"; };
		2D3343B025CB57040070B699 /* LaunchScreen.storyboard */ = {isa = PBXFileReference; lastKnownFileType = file.storyboard; path = LaunchScreen.storyboard; sourceTree = "<group>"; };
		2D6FF6F125C265770093D625 /* ArticleListViewModel.swift */ = {isa = PBXFileReference; lastKnownFileType = sourcecode.swift; path = ArticleListViewModel.swift; sourceTree = "<group>"; };
		2D6FF6F625C268750093D625 /* ArticleTableViewCell.swift */ = {isa = PBXFileReference; lastKnownFileType = sourcecode.swift; path = ArticleTableViewCell.swift; sourceTree = "<group>"; };
		2D861D76263CE64800CD7EBE /* GoodNewsTests.xctest */ = {isa = PBXFileReference; explicitFileType = wrapper.cfbundle; includeInIndex = 0; path = GoodNewsTests.xctest; sourceTree = BUILT_PRODUCTS_DIR; };
		2D861D78263CE64800CD7EBE /* GoodNewsTests.swift */ = {isa = PBXFileReference; lastKnownFileType = sourcecode.swift; path = GoodNewsTests.swift; sourceTree = "<group>"; };
		2D861D7A263CE64800CD7EBE /* Info.plist */ = {isa = PBXFileReference; lastKnownFileType = text.plist.xml; path = Info.plist; sourceTree = "<group>"; };
		2DAA8CC425C25617006B7F91 /* Article.swift */ = {isa = PBXFileReference; lastKnownFileType = sourcecode.swift; path = Article.swift; sourceTree = "<group>"; };
		2DB147F725C116B7005B4610 /* GoodNews.app */ = {isa = PBXFileReference; explicitFileType = wrapper.application; includeInIndex = 0; path = GoodNews.app; sourceTree = BUILT_PRODUCTS_DIR; };
		2DB147FA25C116B7005B4610 /* AppDelegate.swift */ = {isa = PBXFileReference; lastKnownFileType = sourcecode.swift; path = AppDelegate.swift; sourceTree = "<group>"; };
		2DB147FC25C116B7005B4610 /* SceneDelegate.swift */ = {isa = PBXFileReference; lastKnownFileType = sourcecode.swift; path = SceneDelegate.swift; sourceTree = "<group>"; };
		2DB1480325C116BB005B4610 /* Assets.xcassets */ = {isa = PBXFileReference; lastKnownFileType = folder.assetcatalog; path = Assets.xcassets; sourceTree = "<group>"; };
		2DB1480825C116BB005B4610 /* Info.plist */ = {isa = PBXFileReference; lastKnownFileType = text.plist.xml; path = Info.plist; sourceTree = "<group>"; };
		2DB1481225C116F0005B4610 /* NewsListTableViewController.swift */ = {isa = PBXFileReference; lastKnownFileType = sourcecode.swift; path = NewsListTableViewController.swift; sourceTree = "<group>"; };
		2DB1481825C11F34005B4610 /* WebService.swift */ = {isa = PBXFileReference; lastKnownFileType = sourcecode.swift; path = WebService.swift; sourceTree = "<group>"; };
/* End PBXFileReference section */

/* Begin PBXFrameworksBuildPhase section */
		2D861D73263CE64800CD7EBE /* Frameworks */ = {
			isa = PBXFrameworksBuildPhase;
			buildActionMask = 2147483647;
			files = (
			);
			runOnlyForDeploymentPostprocessing = 0;
		};
		2DB147F425C116B7005B4610 /* Frameworks */ = {
			isa = PBXFrameworksBuildPhase;
			buildActionMask = 2147483647;
			files = (
			);
			runOnlyForDeploymentPostprocessing = 0;
		};
/* End PBXFrameworksBuildPhase section */

/* Begin PBXGroup section */
		2D116CF125C9827200C55493 /* Extensions */ = {
			isa = PBXGroup;
			children = (
				2D116CEE25C9826E00C55493 /* TableView+EXT.swift */,
			);
			path = Extensions;
			sourceTree = "<group>";
		};
		2D6FF6F025C265650093D625 /* View Models */ = {
			isa = PBXGroup;
			children = (
				2D6FF6F125C265770093D625 /* ArticleListViewModel.swift */,
			);
			path = "View Models";
			sourceTree = "<group>";
		};
		2D6FF6F525C268600093D625 /* Cells */ = {
			isa = PBXGroup;
			children = (
				2D6FF6F625C268750093D625 /* ArticleTableViewCell.swift */,
			);
			path = Cells;
			sourceTree = "<group>";
		};
		2D861D77263CE64800CD7EBE /* GoodNewsTests */ = {
			isa = PBXGroup;
			children = (
				2D861D78263CE64800CD7EBE /* GoodNewsTests.swift */,
				2D861D7A263CE64800CD7EBE /* Info.plist */,
			);
			path = GoodNewsTests;
			sourceTree = "<group>";
		};
		2DAA8CC325C25605006B7F91 /* Model */ = {
			isa = PBXGroup;
			children = (
				2DAA8CC425C25617006B7F91 /* Article.swift */,
			);
			path = Model;
			sourceTree = "<group>";
		};
		2DB147EE25C116B7005B4610 = {
			isa = PBXGroup;
			children = (
				2DB147F925C116B7005B4610 /* GoodNews */,
				2D861D77263CE64800CD7EBE /* GoodNewsTests */,
				2DB147F825C116B7005B4610 /* Products */,
			);
			sourceTree = "<group>";
		};
		2DB147F825C116B7005B4610 /* Products */ = {
			isa = PBXGroup;
			children = (
				2DB147F725C116B7005B4610 /* GoodNews.app */,
				2D861D76263CE64800CD7EBE /* GoodNewsTests.xctest */,
			);
			name = Products;
			sourceTree = "<group>";
		};
		2DB147F925C116B7005B4610 /* GoodNews */ = {
			isa = PBXGroup;
			children = (
				2D116CF125C9827200C55493 /* Extensions */,
				2D6FF6F525C268600093D625 /* Cells */,
				2D6FF6F025C265650093D625 /* View Models */,
				2DAA8CC325C25605006B7F91 /* Model */,
				2DB1481725C11F2A005B4610 /* Services */,
				2DB1481025C116DF005B4610 /* Controllers */,
				2DB147FA25C116B7005B4610 /* AppDelegate.swift */,
				2DB147FC25C116B7005B4610 /* SceneDelegate.swift */,
				2DB1480325C116BB005B4610 /* Assets.xcassets */,
				2DB1480825C116BB005B4610 /* Info.plist */,
				2D3343B025CB57040070B699 /* LaunchScreen.storyboard */,
			);
			path = GoodNews;
			sourceTree = "<group>";
		};
		2DB1481025C116DF005B4610 /* Controllers */ = {
			isa = PBXGroup;
			children = (
				2DB1481225C116F0005B4610 /* NewsListTableViewController.swift */,
			);
			path = Controllers;
			sourceTree = "<group>";
		};
		2DB1481725C11F2A005B4610 /* Services */ = {
			isa = PBXGroup;
			children = (
				2DB1481825C11F34005B4610 /* WebService.swift */,
			);
			path = Services;
			sourceTree = "<group>";
		};
/* End PBXGroup section */

/* Begin PBXNativeTarget section */
		2D861D75263CE64800CD7EBE /* GoodNewsTests */ = {
			isa = PBXNativeTarget;
			buildConfigurationList = 2D861D7F263CE64800CD7EBE /* Build configuration list for PBXNativeTarget "GoodNewsTests" */;
			buildPhases = (
				2D861D72263CE64800CD7EBE /* Sources */,
				2D861D73263CE64800CD7EBE /* Frameworks */,
				2D861D74263CE64800CD7EBE /* Resources */,
			);
			buildRules = (
			);
			dependencies = (
				2D861D7C263CE64800CD7EBE /* PBXTargetDependency */,
			);
			name = GoodNewsTests;
			productName = GoodNewsTests;
			productReference = 2D861D76263CE64800CD7EBE /* GoodNewsTests.xctest */;
			productType = "com.apple.product-type.bundle.unit-test";
		};
		2DB147F625C116B7005B4610 /* GoodNews */ = {
			isa = PBXNativeTarget;
			buildConfigurationList = 2DB1480B25C116BB005B4610 /* Build configuration list for PBXNativeTarget "GoodNews" */;
			buildPhases = (
				2DB147F325C116B7005B4610 /* Sources */,
				2DB147F425C116B7005B4610 /* Frameworks */,
				2DB147F525C116B7005B4610 /* Resources */,
			);
			buildRules = (
			);
			dependencies = (
			);
			name = GoodNews;
			productName = GoodNews;
			productReference = 2DB147F725C116B7005B4610 /* GoodNews.app */;
			productType = "com.apple.product-type.application";
		};
/* End PBXNativeTarget section */

/* Begin PBXProject section */
		2DB147EF25C116B7005B4610 /* Project object */ = {
			isa = PBXProject;
			attributes = {
				LastSwiftUpdateCheck = 1240;
				LastUpgradeCheck = 1230;
				TargetAttributes = {
					2D861D75263CE64800CD7EBE = {
						CreatedOnToolsVersion = 12.4;
						TestTargetID = 2DB147F625C116B7005B4610;
					};
					2DB147F625C116B7005B4610 = {
						CreatedOnToolsVersion = 12.3;
					};
				};
			};
			buildConfigurationList = 2DB147F225C116B7005B4610 /* Build configuration list for PBXProject "GoodNews" */;
			compatibilityVersion = "Xcode 9.3";
			developmentRegion = en;
			hasScannedForEncodings = 0;
			knownRegions = (
				en,
				Base,
			);
			mainGroup = 2DB147EE25C116B7005B4610;
			productRefGroup = 2DB147F825C116B7005B4610 /* Products */;
			projectDirPath = "";
			projectRoot = "";
			targets = (
				2DB147F625C116B7005B4610 /* GoodNews */,
				2D861D75263CE64800CD7EBE /* GoodNewsTests */,
			);
		};
/* End PBXProject section */

/* Begin PBXResourcesBuildPhase section */
		2D861D74263CE64800CD7EBE /* Resources */ = {
			isa = PBXResourcesBuildPhase;
			buildActionMask = 2147483647;
			files = (
			);
			runOnlyForDeploymentPostprocessing = 0;
		};
		2DB147F525C116B7005B4610 /* Resources */ = {
			isa = PBXResourcesBuildPhase;
			buildActionMask = 2147483647;
			files = (
				2D3343B125CB57040070B699 /* LaunchScreen.storyboard in Resources */,
				2DB1480425C116BB005B4610 /* Assets.xcassets in Resources */,
			);
			runOnlyForDeploymentPostprocessing = 0;
		};
/* End PBXResourcesBuildPhase section */

/* Begin PBXSourcesBuildPhase section */
		2D861D72263CE64800CD7EBE /* Sources */ = {
			isa = PBXSourcesBuildPhase;
			buildActionMask = 2147483647;
			files = (
				2D861D79263CE64800CD7EBE /* GoodNewsTests.swift in Sources */,
			);
			runOnlyForDeploymentPostprocessing = 0;
		};
		2DB147F325C116B7005B4610 /* Sources */ = {
			isa = PBXSourcesBuildPhase;
			buildActionMask = 2147483647;
			files = (
				2DB147FB25C116B7005B4610 /* AppDelegate.swift in Sources */,
				2DB1481325C116F0005B4610 /* NewsListTableViewController.swift in Sources */,
				2DB1481925C11F34005B4610 /* WebService.swift in Sources */,
				2D6FF6F225C265770093D625 /* ArticleListViewModel.swift in Sources */,
				2DB147FD25C116B7005B4610 /* SceneDelegate.swift in Sources */,
				2D116CEF25C9826E00C55493 /* TableView+EXT.swift in Sources */,
				2D6FF6F725C268750093D625 /* ArticleTableViewCell.swift in Sources */,
				2DAA8CC525C25617006B7F91 /* Article.swift in Sources */,
			);
			runOnlyForDeploymentPostprocessing = 0;
		};
/* End PBXSourcesBuildPhase section */

/* Begin PBXTargetDependency section */
		2D861D7C263CE64800CD7EBE /* PBXTargetDependency */ = {
			isa = PBXTargetDependency;
			target = 2DB147F625C116B7005B4610 /* GoodNews */;
			targetProxy = 2D861D7B263CE64800CD7EBE /* PBXContainerItemProxy */;
		};
/* End PBXTargetDependency section */

/* Begin XCBuildConfiguration section */
		2D861D7D263CE64800CD7EBE /* Debug */ = {
			isa = XCBuildConfiguration;
			buildSettings = {
				BUNDLE_LOADER = "$(TEST_HOST)";
				CODE_SIGN_STYLE = Automatic;
				DEVELOPMENT_TEAM = TKB32CN29K;
				INFOPLIST_FILE = GoodNewsTests/Info.plist;
				IPHONEOS_DEPLOYMENT_TARGET = 14.4;
				LD_RUNPATH_SEARCH_PATHS = (
					"$(inherited)",
					"@executable_path/Frameworks",
					"@loader_path/Frameworks",
				);
				PRODUCT_BUNDLE_IDENTIFIER = com.SimonMcNeil.GoodNewsTests;
				PRODUCT_NAME = "$(TARGET_NAME)";
				SWIFT_VERSION = 5.0;
				TARGETED_DEVICE_FAMILY = "1,2";
				TEST_HOST = "$(BUILT_PRODUCTS_DIR)/GoodNews.app/GoodNews";
			};
			name = Debug;
		};
		2D861D7E263CE64800CD7EBE /* Release */ = {
			isa = XCBuildConfiguration;
			buildSettings = {
				BUNDLE_LOADER = "$(TEST_HOST)";
				CODE_SIGN_STYLE = Automatic;
				DEVELOPMENT_TEAM = TKB32CN29K;
				INFOPLIST_FILE = GoodNewsTests/Info.plist;
				IPHONEOS_DEPLOYMENT_TARGET = 14.4;
				LD_RUNPATH_SEARCH_PATHS = (
					"$(inherited)",
					"@executable_path/Frameworks",
					"@loader_path/Frameworks",
				);
				PRODUCT_BUNDLE_IDENTIFIER = com.SimonMcNeil.GoodNewsTests;
				PRODUCT_NAME = "$(TARGET_NAME)";
				SWIFT_VERSION = 5.0;
				TARGETED_DEVICE_FAMILY = "1,2";
				TEST_HOST = "$(BUILT_PRODUCTS_DIR)/GoodNews.app/GoodNews";
			};
			name = Release;
		};
		2DB1480925C116BB005B4610 /* Debug */ = {
			isa = XCBuildConfiguration;
			buildSettings = {
				ALWAYS_SEARCH_USER_PATHS = NO;
				CLANG_ANALYZER_NONNULL = YES;
				CLANG_ANALYZER_NUMBER_OBJECT_CONVERSION = YES_AGGRESSIVE;
				CLANG_CXX_LANGUAGE_STANDARD = "gnu++14";
				CLANG_CXX_LIBRARY = "libc++";
				CLANG_ENABLE_MODULES = YES;
				CLANG_ENABLE_OBJC_ARC = YES;
				CLANG_ENABLE_OBJC_WEAK = YES;
				CLANG_WARN_BLOCK_CAPTURE_AUTORELEASING = YES;
				CLANG_WARN_BOOL_CONVERSION = YES;
				CLANG_WARN_COMMA = YES;
				CLANG_WARN_CONSTANT_CONVERSION = YES;
				CLANG_WARN_DEPRECATED_OBJC_IMPLEMENTATIONS = YES;
				CLANG_WARN_DIRECT_OBJC_ISA_USAGE = YES_ERROR;
				CLANG_WARN_DOCUMENTATION_COMMENTS = YES;
				CLANG_WARN_EMPTY_BODY = YES;
				CLANG_WARN_ENUM_CONVERSION = YES;
				CLANG_WARN_INFINITE_RECURSION = YES;
				CLANG_WARN_INT_CONVERSION = YES;
				CLANG_WARN_NON_LITERAL_NULL_CONVERSION = YES;
				CLANG_WARN_OBJC_IMPLICIT_RETAIN_SELF = YES;
				CLANG_WARN_OBJC_LITERAL_CONVERSION = YES;
				CLANG_WARN_OBJC_ROOT_CLASS = YES_ERROR;
				CLANG_WARN_QUOTED_INCLUDE_IN_FRAMEWORK_HEADER = YES;
				CLANG_WARN_RANGE_LOOP_ANALYSIS = YES;
				CLANG_WARN_STRICT_PROTOTYPES = YES;
				CLANG_WARN_SUSPICIOUS_MOVE = YES;
				CLANG_WARN_UNGUARDED_AVAILABILITY = YES_AGGRESSIVE;
				CLANG_WARN_UNREACHABLE_CODE = YES;
				CLANG_WARN__DUPLICATE_METHOD_MATCH = YES;
				COPY_PHASE_STRIP = NO;
				DEBUG_INFORMATION_FORMAT = dwarf;
				ENABLE_STRICT_OBJC_MSGSEND = YES;
				ENABLE_TESTABILITY = YES;
				GCC_C_LANGUAGE_STANDARD = gnu11;
				GCC_DYNAMIC_NO_PIC = NO;
				GCC_NO_COMMON_BLOCKS = YES;
				GCC_OPTIMIZATION_LEVEL = 0;
				GCC_PREPROCESSOR_DEFINITIONS = (
					"DEBUG=1",
					"$(inherited)",
				);
				GCC_WARN_64_TO_32_BIT_CONVERSION = YES;
				GCC_WARN_ABOUT_RETURN_TYPE = YES_ERROR;
				GCC_WARN_UNDECLARED_SELECTOR = YES;
				GCC_WARN_UNINITIALIZED_AUTOS = YES_AGGRESSIVE;
				GCC_WARN_UNUSED_FUNCTION = YES;
				GCC_WARN_UNUSED_VARIABLE = YES;
				IPHONEOS_DEPLOYMENT_TARGET = 14.3;
				MTL_ENABLE_DEBUG_INFO = INCLUDE_SOURCE;
				MTL_FAST_MATH = YES;
				ONLY_ACTIVE_ARCH = YES;
				SDKROOT = iphoneos;
				SWIFT_ACTIVE_COMPILATION_CONDITIONS = DEBUG;
				SWIFT_OPTIMIZATION_LEVEL = "-Onone";
			};
			name = Debug;
		};
		2DB1480A25C116BB005B4610 /* Release */ = {
			isa = XCBuildConfiguration;
			buildSettings = {
				ALWAYS_SEARCH_USER_PATHS = NO;
				CLANG_ANALYZER_NONNULL = YES;
				CLANG_ANALYZER_NUMBER_OBJECT_CONVERSION = YES_AGGRESSIVE;
				CLANG_CXX_LANGUAGE_STANDARD = "gnu++14";
				CLANG_CXX_LIBRARY = "libc++";
				CLANG_ENABLE_MODULES = YES;
				CLANG_ENABLE_OBJC_ARC = YES;
				CLANG_ENABLE_OBJC_WEAK = YES;
				CLANG_WARN_BLOCK_CAPTURE_AUTORELEASING = YES;
				CLANG_WARN_BOOL_CONVERSION = YES;
				CLANG_WARN_COMMA = YES;
				CLANG_WARN_CONSTANT_CONVERSION = YES;
				CLANG_WARN_DEPRECATED_OBJC_IMPLEMENTATIONS = YES;
				CLANG_WARN_DIRECT_OBJC_ISA_USAGE = YES_ERROR;
				CLANG_WARN_DOCUMENTATION_COMMENTS = YES;
				CLANG_WARN_EMPTY_BODY = YES;
				CLANG_WARN_ENUM_CONVERSION = YES;
				CLANG_WARN_INFINITE_RECURSION = YES;
				CLANG_WARN_INT_CONVERSION = YES;
				CLANG_WARN_NON_LITERAL_NULL_CONVERSION = YES;
				CLANG_WARN_OBJC_IMPLICIT_RETAIN_SELF = YES;
				CLANG_WARN_OBJC_LITERAL_CONVERSION = YES;
				CLANG_WARN_OBJC_ROOT_CLASS = YES_ERROR;
				CLANG_WARN_QUOTED_INCLUDE_IN_FRAMEWORK_HEADER = YES;
				CLANG_WARN_RANGE_LOOP_ANALYSIS = YES;
				CLANG_WARN_STRICT_PROTOTYPES = YES;
				CLANG_WARN_SUSPICIOUS_MOVE = YES;
				CLANG_WARN_UNGUARDED_AVAILABILITY = YES_AGGRESSIVE;
				CLANG_WARN_UNREACHABLE_CODE = YES;
				CLANG_WARN__DUPLICATE_METHOD_MATCH = YES;
				COPY_PHASE_STRIP = NO;
				DEBUG_INFORMATION_FORMAT = "dwarf-with-dsym";
				ENABLE_NS_ASSERTIONS = NO;
				ENABLE_STRICT_OBJC_MSGSEND = YES;
				GCC_C_LANGUAGE_STANDARD = gnu11;
				GCC_NO_COMMON_BLOCKS = YES;
				GCC_WARN_64_TO_32_BIT_CONVERSION = YES;
				GCC_WARN_ABOUT_RETURN_TYPE = YES_ERROR;
				GCC_WARN_UNDECLARED_SELECTOR = YES;
				GCC_WARN_UNINITIALIZED_AUTOS = YES_AGGRESSIVE;
				GCC_WARN_UNUSED_FUNCTION = YES;
				GCC_WARN_UNUSED_VARIABLE = YES;
				IPHONEOS_DEPLOYMENT_TARGET = 14.3;
				MTL_ENABLE_DEBUG_INFO = NO;
				MTL_FAST_MATH = YES;
				SDKROOT = iphoneos;
				SWIFT_COMPILATION_MODE = wholemodule;
				SWIFT_OPTIMIZATION_LEVEL = "-O";
				VALIDATE_PRODUCT = YES;
			};
			name = Release;
		};
		2DB1480C25C116BB005B4610 /* Debug */ = {
			isa = XCBuildConfiguration;
			buildSettings = {
				ASSETCATALOG_COMPILER_APPICON_NAME = AppIcon;
				ASSETCATALOG_COMPILER_GLOBAL_ACCENT_COLOR_NAME = AccentColor;
				CODE_SIGN_STYLE = Automatic;
				DEVELOPMENT_TEAM = TKB32CN29K;
				INFOPLIST_FILE = GoodNews/Info.plist;
				LD_RUNPATH_SEARCH_PATHS = (
					"$(inherited)",
					"@executable_path/Frameworks",
				);
				PRODUCT_BUNDLE_IDENTIFIER = com.SimonMcNeil.GoodNews;
				PRODUCT_NAME = "$(TARGET_NAME)";
				SWIFT_VERSION = 5.0;
				TARGETED_DEVICE_FAMILY = "1,2";
			};
			name = Debug;
		};
		2DB1480D25C116BB005B4610 /* Release */ = {
			isa = XCBuildConfiguration;
			buildSettings = {
				ASSETCATALOG_COMPILER_APPICON_NAME = AppIcon;
				ASSETCATALOG_COMPILER_GLOBAL_ACCENT_COLOR_NAME = AccentColor;
				CODE_SIGN_STYLE = Automatic;
				DEVELOPMENT_TEAM = TKB32CN29K;
				INFOPLIST_FILE = GoodNews/Info.plist;
				LD_RUNPATH_SEARCH_PATHS = (
					"$(inherited)",
					"@executable_path/Frameworks",
				);
				PRODUCT_BUNDLE_IDENTIFIER = com.SimonMcNeil.GoodNews;
				PRODUCT_NAME = "$(TARGET_NAME)";
				SWIFT_VERSION = 5.0;
				TARGETED_DEVICE_FAMILY = "1,2";
			};
			name = Release;
		};
/* End XCBuildConfiguration section */

/* Begin XCConfigurationList section */
		2D861D7F263CE64800CD7EBE /* Build configuration list for PBXNativeTarget "GoodNewsTests" */ = {
			isa = XCConfigurationList;
			buildConfigurations = (
				2D861D7D263CE64800CD7EBE /* Debug */,
				2D861D7E263CE64800CD7EBE /* Release */,
			);
			defaultConfigurationIsVisible = 0;
			defaultConfigurationName = Release;
		};
		2DB147F225C116B7005B4610 /* Build configuration list for PBXProject "GoodNews" */ = {
			isa = XCConfigurationList;
			buildConfigurations = (
				2DB1480925C116BB005B4610 /* Debug */,
				2DB1480A25C116BB005B4610 /* Release */,
			);
			defaultConfigurationIsVisible = 0;
			defaultConfigurationName = Release;
		};
		2DB1480B25C116BB005B4610 /* Build configuration list for PBXNativeTarget "GoodNews" */ = {
			isa = XCConfigurationList;
			buildConfigurations = (
				2DB1480C25C116BB005B4610 /* Debug */,
				2DB1480D25C116BB005B4610 /* Release */,
			);
			defaultConfigurationIsVisible = 0;
			defaultConfigurationName = Release;
		};
/* End XCConfigurationList section */
	};
	rootObject = 2DB147EF25C116B7005B4610 /* Project object */;
}
